github.com/Ulbora/Level_Logger v1.0.2 h1:uhuNi1oSQ1zSDhuYQS7NEHqtR4lAYPGyW2XGwJZtxmk=
github.com/Ulbora/Level_Logger v1.0.2/go.mod h1:epRidhkOBJSzCCon816WfFCO9vtai8VCmdI8S/xcTbA=
github.com/Ulbora/dbinterface v1.0.5 h1:hzAsS92kIKIApFb6av1vGGz4+lRNOyfzhh5HXxoUiIg=
github.com/Ulbora/dbinterface v1.0.5/go.mod h1:msBriehF2JgLgSpNWq2Yc3MKy3/Rn9aChefibmW1xWM=
github.com/Ulbora/dbinterface_mysql v1.0.7 h1:rFOaRaKaARFLEd8hYxvFIbbN49FFI2j/m7iy10sGOas=
github.com/Ulbora/dbinterface_mysql v1.0.7/go.mod h1:8XA1eoibXMbJNIfL5mvl7b77FZPSRewInYCNFRC65AQ=
github.com/Ulbora/six910-database-interface v1.0.6 h1:OAiy4V3rLopgUCCqh7XjW9bjLcKo16gkMepx7VOTS6E=
github.com/Ulbora/six910-database-interface v1.0.6/go.mod h1:OGqZQ5ETgqxsHB636qmivSR36NzQxhV4T+ATsIUJSLM=
github.com/Ulbora/six910-database-interface v1.0.7 h1:QzJygI2IVhI4Bl98BvqJrNxv3G6eJ3PzkNv7+DiYyTU=
github.com/Ulbora/six910-database-interface v1.0.7/go.mod h1:OGqZQ5ETgqxsHB636qmivSR36NzQxhV4T+ATsIUJSLM=
github.com/Ulbora/six910-database-interface v1.0.8 h1:QNVCqVO6S+WNoqLitKyQIijfqDQdFfpY3zqGWWHV6tk=
github.com/Ulbora/six910-database-interface v1.0.8/go.mod h1:OGqZQ5ETgqxsHB636qmivSR36NzQxhV4T+ATsIUJSLM=
github.com/Ulbora/six910-database-interface v1.0.9 h1:kXUvatZs8/7kg1zNMXwN7FtInKZhE5chuyB0OYzZz8M=
github.com/Ulbora/six910-database-interface v1.0.9/go.mod h1:OGqZQ5ETgqxsHB636qmivSR36NzQxhV4T+ATsIUJSLM=
github.com/Ulbora/six910-database-interface v1.0.10 h1:U9jFLnNSC8DPf6wTbKSf3ZNCAJ/NW6arjKJ98iNapT4=
github.com/Ulbora/six910-database-interface v1.0.10/go.mod h1:OGqZQ5ETgqxsHB636qmivSR36NzQxhV4T+ATsIUJSLM=
github.com/Ulbora/six910-database-interface v1.0.11 h1:6AS+sIARgRp03G0esqBnVxKqpUxZnolluMbN6dYw4JQ=
github.com/Ulbora/six910-database-interface v1.0.11/go.mod h1:OGqZQ5ETgqxsHB636qmivSR36NzQxhV4T+ATsIUJSLM=
github.com/Ulbora/six910-database-interface v1.0.12 h1:CzMXQJT2rVgJj0+vi27iF2O+SzTkW9wle/ic6YODO0U=
github.com/Ulbora/six910-database-interface v1.0.12/go.mod h1:OGqZQ5ETgqxsHB636qmivSR36NzQxhV4T+ATsIUJSLM=
github.com/Ulbora/six910-database-interface v1.0.14 h1:d9r9g3lL2PHneYXVoLfPUF02570x0yTfbFDL82CmM+U=
github.com/Ulbora/six910-database-interface v1.0.14/go.mod h1:OGqZQ5ETgqxsHB636qmivSR36NzQxhV4T+ATsIUJSLM=
github.com/Ulbora/six910-database-interface v1.0.15 h1:u6ta1KHz02lVSF9oGGU76/BlwP0x4P7yOS4b2NAOl7o=
github.com/Ulbora/six910-database-interface v1.0.15/go.mod h1:OGqZQ5ETgqxsHB636qmivSR36NzQxhV4T+ATsIUJSLM=
github.com/Ulbora/six910-database-interface v1.0.16 h1:ufq46Ws2CDKrhggSO+kBxjf+eSmw8qPBN5l895SsHxc=
github.com/Ulbora/six910-database-interface v1.0.16/go.mod h1:OGqZQ5ETgqxsHB636qmivSR36NzQxhV4T+ATsIUJSLM=
github.com/Ulbora/six910-database-interface v1.0.18 h1:1/FUHbY14RJ8lJtSeDXTAu6oke62zEwClq5+UoWuo54=
github.com/Ulbora/six910-database-interface v1.0.18/go.mod h1:OGqZQ5ETgqxsHB636qmivSR36NzQxhV4T+ATsIUJSLM=
github.com/Ulbora/six910-database-interface v1.0.19 h1:gfVmg0TAn065ytdFcVYrY1Zvct4L/xiQClVnTSmGpFw=
github.com/Ulbora/six910-database-interface v1.0.19/go.mod h1:OGqZQ5ETgqxsHB636qmivSR36NzQxhV4T+ATsIUJSLM=
github.com/Ulbora/six910-database-interface v1.0.20 h1:c4niG5rNG4uXB2dOUsOUYPyLoQfY8dIHpnLhlV4f/nc=
github.com/Ulbora/six910-database-interface v1.0.20/go.mod h1:OGqZQ5ETgqxsHB636qmivSR36NzQxhV4T+ATsIUJSLM=
github.com/Ulbora/six910-database-interface v1.0.21 h1:H8OPfohHVbk/D0mCB+/ExdsK55h4VTlJTDqzo9Mo7Ic=
github.com/Ulbora/six910-database-interface v1.0.21/go.mod h1:OGqZQ5ETgqxsHB636qmivSR36NzQxhV4T+ATsIUJSLM=
github.com/Ulbora/six910-database-interface v1.0.22 h1:69dlWaB9CZt6zuMhCMOpQuphaEMlngq52dYsg16zJ/8=
github.com/Ulbora/six910-database-interface v1.0.22/go.mod h1:OGqZQ5ETgqxsHB636qmivSR36NzQxhV4T+ATsIUJSLM=
github.com/Ulbora/six910-database-interface v1.0.23 h1:t4F0oO6ARPRoZXOb442c0Huy2xnLUAgtuCXhLvXLF0o=
github.com/Ulbora/six910-database-interface v1.0.23/go.mod h1:OGqZQ5ETgqxsHB636qmivSR36NzQxhV4T+ATsIUJSLM=
github.com/Ulbora/six910-database-interface v1.0.24 h1:0P2SOSmCE3Co0X4uC6ttj4OX99Fu0NBL/FOxvOZ+6wE=
github.com/Ulbora/six910-database-interface v1.0.24/go.mod h1:OGqZQ5ETgqxsHB636qmivSR36NzQxhV4T+ATsIUJSLM=
github.com/Ulbora/six910-database-interface v1.0.25 h1:WnBpy3qiok96VKEE+5rNl1j4M8/+vMs4aUCBOm9bviA=
github.com/Ulbora/six910-database-interface v1.0.25/go.mod h1:OGqZQ5ETgqxsHB636qmivSR36NzQxhV4T+ATsIUJSLM=
github.com/Ulbora/six910-database-interface v1.0.26 h1:ekq9Apl4uMXTEG6kgDs4SXnvdhDO8qRW+tKrQHLYFxk=
github.com/Ulbora/six910-database-interface v1.0.26/go.mod h1:OGqZQ5ETgqxsHB636qmivSR36NzQxhV4T+ATsIUJSLM=
github.com/Ulbora/six910-database-interface v1.0.27 h1:OowpQR7w1JY74zvR8P6UQt2HuQ5tM0c30l1lCDAgxVY=
github.com/Ulbora/six910-database-interface v1.0.27/go.mod h1:OGqZQ5ETgqxsHB636qmivSR36NzQxhV4T+ATsIUJSLM=
github.com/Ulbora/six910-database-interface v1.0.28 h1:Fh/TLhIiTUuqUGRPJ5zaaN51dtIQOvKdfeSBit7aR+E=
github.com/Ulbora/six910-database-interface v1.0.28/go.mod h1:OGqZQ5ETgqxsHB636qmivSR36NzQxhV4T+ATsIUJSLM=
github.com/Ulbora/six910-database-interface v1.0.29 h1:jF3SikjFMm7aahxOX2PEFTPg2ogG5g4pEI2+uVu6Zgs=
github.com/Ulbora/six910-database-interface v1.0.29/go.mod h1:OGqZQ5ETgqxsHB636qmivSR36NzQxhV4T+ATsIUJSLM=
github.com/Ulbora/six910-database-interface v1.0.30 h1:KMGRNVhAFbTpDGr2KQBnIq2uLYfnqITcV6Dxe653Muo=
github.com/Ulbora/six910-database-interface v1.0.30/go.mod h1:OGqZQ5ETgqxsHB636qmivSR36NzQxhV4T+ATsIUJSLM=
github.com/Ulbora/six910-database-interface v1.0.31 h1:1JqzuEKOxn0HLmyusO60ZH05YCC+pjpOV+GheNJYtZ8=
github.com/Ulbora/six910-database-interface v1.0.31/go.mod h1:OGqZQ5ETgqxsHB636qmivSR36NzQxhV4T+ATsIUJSLM=
github.com/Ulbora/six910-database-interface v1.0.32 h1:+jRvIG9JlNjgNav//ItGy0uBDUkfm3426LkyEfxlkbY=
github.com/Ulbora/six910-database-interface v1.0.32/go.mod h1:OGqZQ5ETgqxsHB636qmivSR36NzQxhV4T+ATsIUJSLM=
github.com/Ulbora/six910-database-interface v1.0.33 h1:YUuSe7KoRN7ngAGNeuCtgXUTfiJVKE3Rvx2t0ny4L8w=
github.com/Ulbora/six910-database-interface v1.0.33/go.mod h1:OGqZQ5ETgqxsHB636qmivSR36NzQxhV4T+ATsIUJSLM=
github.com/Ulbora/six910-database-interface v1.0.34 h1:BK0I1xKqLyAliqTjnk/mbni6xni9fXzcFyKyThGeqRY=
github.com/Ulbora/six910-database-interface v1.0.34/go.mod h1:OGqZQ5ETgqxsHB636qmivSR36NzQxhV4T+ATsIUJSLM=
github.com/Ulbora/six910-database-interface v1.0.35 h1:VnThn51n2hHpCwnUD2r3GBXPGNBKeURf15HHjFXkOdA=
github.com/Ulbora/six910-database-interface v1.0.35/go.mod h1:OGqZQ5ETgqxsHB636qmivSR36NzQxhV4T+ATsIUJSLM=
github.com/Ulbora/six910-database-interface v1.0.36 h1:SgidSG+F282G3ufQ4qDhtg5RzfVakCPneiCmkR1AlEo=
github.com/Ulbora/six910-database-interface v1.0.36/go.mod h1:OGqZQ5ETgqxsHB636qmivSR36NzQxhV4T+ATsIUJSLM=
github.com/Ulbora/six910-database-interface v1.0.37 h1:QmLF7xsqU8DVos97zA8tE8UHoVbtPfmt645jKXTrEx8=
github.com/Ulbora/six910-database-interface v1.0.37/go.mod h1:OGqZQ5ETgqxsHB636qmivSR36NzQxhV4T+ATsIUJSLM=
github.com/Ulbora/six910-database-interface v1.0.38 h1:4G+XIgQ0OUCjYt08XBb71lun84muPa2p5xZVwPJd894=
github.com/Ulbora/six910-database-interface v1.0.38/go.mod h1:xKoESfGA7CV8kFeZwMtwnBAezrBFzTdtrSRaeUn0QBQ=
github.com/Ulbora/six910-database-interface v1.1.0 h1:JjJKWsEfDu/Heq6wYnKYg0LZTqUUaNvzsZvYdHkm2bI=
github.com/Ulbora/six910-database-interface v1.1.0/go.mod h1:xKoESfGA7CV8kFeZwMtwnBAezrBFzTdtrSRaeUn0QBQ=
github.com/Ulbora/six910-database-interface v1.1.1 h1:LSCAw1d+SJnahx/aAltl+VDxUlmR15yaH5++GDxtsMk=
github.com/Ulbora/six910-database-interface v1.1.1/go.mod h1:xKoESfGA7CV8kFeZwMtwnBAezrBFzTdtrSRaeUn0QBQ=
github.com/Ulbora/six910-database-interface v1.1.2 h1:aQx2e/0iJnz196f+B4VGd/VnZUQ0Tyb132g+gTKN/ZI=
github.com/Ulbora/six910-database-interface v1.1.2/go.mod h1:xKoESfGA7CV8kFeZwMtwnBAezrBFzTdtrSRaeUn0QBQ=
github.com/go-sql-driver/mysql v1.4.1 h1:g24URVg0OFbNUTx9qqY1IRZ9D9z3iPyi5zKhQZpNwpA=
github.com/go-sql-driver/mysql v1.4.1/go.mod h1:zAC/RDZ24gD3HViQzih4MyKcchzm+sOG5ZlKdlhCg5w=
github.com/go-sql-driver/mysql v1.5.0 h1:ozyZYNQW3x3HtqT1jira07DN2PArx2v7/mN66gGcHOs=
github.com/go-sql-driver/mysql v1.5.0/go.mod h1:DCzpHaOWr8IXmIStZouvnhqoel9Qv2LBy8hT2VhHyBg=
github.com/go-sql-driver/mysql v1.6.0 h1:BCTh4TKNUYmOmMUcQ3IipzF5prigylS7XXjEkfCHuOE=
github.com/go-sql-driver/mysql v1.6.0/go.mod h1:DCzpHaOWr8IXmIStZouvnhqoel9Qv2LBy8hT2VhHyBg=
github.com/golang/protobuf v1.2.0/go.mod h1:6lQm79b+lXiMfvg/cZm0SGofjICqVBUtrP5yJMmIC1U=
github.com/golang/protobuf v1.3.1/go.mod h1:6lQm79b+lXiMfvg/cZm0SGofjICqVBUtrP5yJMmIC1U=
golang.org/x/crypto v0.0.0-20190308221718-c2843e01d9a2/go.mod h1:djNgcEr1/C05ACkg1iLfiJU5Ep61QUkGW8qpdssI0+w=
golang.org/x/crypto v0.0.0-20190313024323-a1f597ede03a/go.mod h1:djNgcEr1/C05ACkg1iLfiJU5Ep61QUkGW8qpdssI0+w=
golang.org/x/net v0.0.0-20180724234803-3673e40ba225/go.mod h1:mL1N/T3taQHkDXs73rZJwtUhF3w3ftmwwsq0BUmARs4=
golang.org/x/net v0.0.0-20190313220215-9f648a60d977/go.mod h1:t9HGtf8HONx5eT2rtn7q6eTqICYqUVnKs3thJo3Qplg=
golang.org/x/sys v0.0.0-20190215142949-d0b11bdaac8a/go.mod h1:STP8DvDyc/dI5b8T5hshtkjS+E42TnysNCUPdjciGhY=
golang.org/x/sys v0.0.0-20190316082340-a2f829d7f35f/go.mod h1:h1NjWce9XRLGQEsW7wpKNCjG9DtNlClVuFLEZdDNbEs=
golang.org/x/text v0.3.0/go.mod h1:NqM8EUOU14njkJ3fqMW+pc6Ldnwhi/IjpwHt7yyuwOQ=
google.golang.org/appengine v1.4.0 h1:/wp5JvzpHIxhs/dumFmF7BXTf3Z+dd4uXta4kVyO508=
google.golang.org/appengine v1.4.0/go.mod h1:xpcJRLb0r/rnEns0DIKYYv+WjYCduHsrkT7/EB5XEv4=
